
Microsoft Visual Studio Solution File, Format Version 12.00
# Visual Studio Version 17
VisualStudioVersion = 17.9.34622.214
MinimumVisualStudioVersion = 10.0.40219.1
Project("{FAE04EC0-301F-11D3-BF4B-00C04F79EFBC}") = "SmartWorkout", "SmartWorkout\SmartWorkout.csproj", "{6B391D52-8E59-47B4-B42B-4D111A9C3041}"
EndProject
Global
	GlobalSection(SolutionConfigurationPlatforms) = preSolution
		Debug|Any CPU = Debug|Any CPU
		Release|Any CPU = Release|Any CPU
	EndGlobalSection
	GlobalSection(ProjectConfigurationPlatforms) = postSolution
		{6B391D52-8E59-47B4-B42B-4D111A9C3041}.Debug|Any CPU.ActiveCfg = Debug|Any CPU
		{6B391D52-8E59-47B4-B42B-4D111A9C3041}.Debug|Any CPU.Build.0 = Debug|Any CPU
		{6B391D52-8E59-47B4-B42B-4D111A9C3041}.Release|Any CPU.ActiveCfg = Release|Any CPU
		{6B391D52-8E59-47B4-B42B-4D111A9C3041}.Release|Any CPU.Build.0 = Release|Any CPU
	EndGlobalSection
	GlobalSection(SolutionProperties) = preSolution
		HideSolutionNode = FALSE
	EndGlobalSection
	GlobalSection(ExtensibilityGlobals) = postSolution
		SolutionGuid = {733103B1-8A11-45C1-B43A-676A2096569F}
	EndGlobalSection
EndGlobal
